
Microsoft Visual Studio Solution File, Format Version 12.00
# Visual Studio 2012
Project("{FAE04EC0-301F-11D3-BF4B-00C04F79EFBC}") = "Cours3 - Wcf - Soap", "Cours3\Cours3 - Wcf - Soap.csproj", "{2714000C-B539-48A2-9A91-AA7AF9E10CDB}"
EndProject
Global
	GlobalSection(SolutionConfigurationPlatforms) = preSolution
		Debug|Any CPU = Debug|Any CPU
		Release|Any CPU = Release|Any CPU
	EndGlobalSection
	GlobalSection(ProjectConfigurationPlatforms) = postSolution
		{2714000C-B539-48A2-9A91-AA7AF9E10CDB}.Debug|Any CPU.ActiveCfg = Debug|Any CPU
		{2714000C-B539-48A2-9A91-AA7AF9E10CDB}.Debug|Any CPU.Build.0 = Debug|Any CPU
		{2714000C-B539-48A2-9A91-AA7AF9E10CDB}.Release|Any CPU.ActiveCfg = Release|Any CPU
		{2714000C-B539-48A2-9A91-AA7AF9E10CDB}.Release|Any CPU.Build.0 = Release|Any CPU
	EndGlobalSection
	GlobalSection(SolutionProperties) = preSolution
		HideSolutionNode = FALSE
	EndGlobalSection
EndGlobal
